
Microsoft Visual Studio Solution File, Format Version 12.00
# Visual Studio Version 17
VisualStudioVersion = 17.11.35222.181
MinimumVisualStudioVersion = 10.0.40219.1
Project("{FAE04EC0-301F-11D3-BF4B-00C04F79EFBC}") = "Blockchain_Tool", "Blockchain_Tool\Blockchain_Tool.csproj", "{A443516F-D8E2-44F4-88B9-5A56AE4B8D59}"
EndProject
Global
	GlobalSection(SolutionConfigurationPlatforms) = preSolution
		Debug|Any CPU = Debug|Any CPU
		Release|Any CPU = Release|Any CPU
	EndGlobalSection
	GlobalSection(ProjectConfigurationPlatforms) = postSolution
		{A443516F-D8E2-44F4-88B9-5A56AE4B8D59}.Debug|Any CPU.ActiveCfg = Debug|Any CPU
		{A443516F-D8E2-44F4-88B9-5A56AE4B8D59}.Debug|Any CPU.Build.0 = Debug|Any CPU
		{A443516F-D8E2-44F4-88B9-5A56AE4B8D59}.Release|Any CPU.ActiveCfg = Release|Any CPU
		{A443516F-D8E2-44F4-88B9-5A56AE4B8D59}.Release|Any CPU.Build.0 = Release|Any CPU
	EndGlobalSection
	GlobalSection(SolutionProperties) = preSolution
		HideSolutionNode = FALSE
	EndGlobalSection
	GlobalSection(ExtensibilityGlobals) = postSolution
		SolutionGuid = {35A13E76-9712-4B6A-9580-296A648F5300}
	EndGlobalSection
EndGlobal
